# THIS IS AN AUTOGENERATED FILE. DO NOT EDIT THIS FILE DIRECTLY.
# yarn lockfile v1


"@mr-hope/vuepress-plugin-copy-code@^1.18.1":
  version "1.18.1"
  resolved "https://registry.nlark.com/@mr-hope/vuepress-plugin-copy-code/download/@mr-hope/vuepress-plugin-copy-code-1.18.1.tgz#244370ea768baf753b4b5e5379e64bbdb2dddfb5"
  integrity sha1-JENw6naLr3U7S15TeeZLvbLd37U=
  dependencies:
    "@mr-hope/vuepress-shared" "1.18.1"
    "@mr-hope/vuepress-types" "1.18.0"
    balloon-css "^1.2.0"

"@mr-hope/vuepress-shared@1.18.1":
  version "1.18.1"
  resolved "https://registry.nlark.com/@mr-hope/vuepress-shared/download/@mr-hope/vuepress-shared-1.18.1.tgz#20d29552eefd87c137c33d5354a898549cc648bd"
  integrity sha1-INKVUu79h8E3wz1TVKiYVJzGSL0=
  dependencies:
    tslib "^2.2.0"

"@mr-hope/vuepress-types@1.18.0":
  version "1.18.0"
  resolved "https://registry.nlark.com/@mr-hope/vuepress-types/download/@mr-hope/vuepress-types-1.18.0.tgz#8cc66f29159773e972ae70b2b686c9012ccde7dd"
  integrity sha1-jMZvKRWXc+lyrnCytobJASzN590=
  dependencies:
    "@types/express" "^4.17.12"
    "@types/markdown-it" "^12.0.1"
    "@types/markdown-it-anchor" "^7.0.0"
    "@types/webpack-dev-server" "^3.11.4"
    cac "^6.7.3"
    vue "^2.6.12"
    vue-loader "^15.9.7"
    webpack-chain "^6.5.1"

"@types/body-parser@*":
  version "1.19.0"
  resolved "https://registry.nlark.com/@types/body-parser/download/@types/body-parser-1.19.0.tgz?cache=0&sync_timestamp=1621240672784&other_urls=https%3A%2F%2Fregistry.nlark.com%2F%40types%2Fbody-parser%2Fdownload%2F%40types%2Fbody-parser-1.19.0.tgz#0685b3c47eb3006ffed117cdd55164b61f80538f"
  integrity sha1-BoWzxH6zAG/+0RfN1VFkth+AU48=
  dependencies:
    "@types/connect" "*"
    "@types/node" "*"

"@types/connect-history-api-fallback@*":
  version "1.3.4"
  resolved "https://registry.nlark.com/@types/connect-history-api-fallback/download/@types/connect-history-api-fallback-1.3.4.tgz?cache=0&sync_timestamp=1621240807633&other_urls=https%3A%2F%2Fregistry.nlark.com%2F%40types%2Fconnect-history-api-fallback%2Fdownload%2F%40types%2Fconnect-history-api-fallback-1.3.4.tgz#8c0f0e6e5d8252b699f5a662f51bdf82fd9d8bb8"
  integrity sha1-jA8Obl2CUraZ9aZi9Rvfgv2di7g=
  dependencies:
    "@types/express-serve-static-core" "*"
    "@types/node" "*"

"@types/connect@*":
  version "3.4.34"
  resolved "https://registry.nlark.com/@types/connect/download/@types/connect-3.4.34.tgz#170a40223a6d666006d93ca128af2beb1d9b1901"
  integrity sha1-FwpAIjptZmAG2TyhKK8r6x2bGQE=
  dependencies:
    "@types/node" "*"

"@types/express-serve-static-core@*", "@types/express-serve-static-core@^4.17.18":
  version "4.17.21"
  resolved "https://registry.nlark.com/@types/express-serve-static-core/download/@types/express-serve-static-core-4.17.21.tgz#a427278e106bca77b83ad85221eae709a3414d42"
  integrity sha1-pCcnjhBryne4OthSIernCaNBTUI=
  dependencies:
    "@types/node" "*"
    "@types/qs" "*"
    "@types/range-parser" "*"

"@types/express@*", "@types/express@^4.17.12":
  version "4.17.12"
  resolved "https://registry.nlark.com/@types/express/download/@types/express-4.17.12.tgz?cache=0&sync_timestamp=1621962565565&other_urls=https%3A%2F%2Fregistry.nlark.com%2F%40types%2Fexpress%2Fdownload%2F%40types%2Fexpress-4.17.12.tgz#4bc1bf3cd0cfe6d3f6f2853648b40db7d54de350"
  integrity sha1-S8G/PNDP5tP28oU2SLQNt9VN41A=
  dependencies:
    "@types/body-parser" "*"
    "@types/express-serve-static-core" "^4.17.18"
    "@types/qs" "*"
    "@types/serve-static" "*"

"@types/highlight.js@^9.7.0":
  version "9.12.4"
  resolved "https://registry.npm.taobao.org/@types/highlight.js/download/@types/highlight.js-9.12.4.tgz#8c3496bd1b50cc04aeefd691140aa571d4dbfa34"
  integrity sha1-jDSWvRtQzASu79aRFAqlcdTb+jQ=

"@types/http-proxy@^1.17.5":
  version "1.17.6"
  resolved "https://registry.nlark.com/@types/http-proxy/download/@types/http-proxy-1.17.6.tgz?cache=0&sync_timestamp=1621034259660&other_urls=https%3A%2F%2Fregistry.nlark.com%2F%40types%2Fhttp-proxy%2Fdownload%2F%40types%2Fhttp-proxy-1.17.6.tgz#62dc3fade227d6ac2862c8f19ee0da9da9fd8616"
  integrity sha1-Ytw/reIn1qwoYsjxnuDanan9hhY=
  dependencies:
    "@types/node" "*"

"@types/linkify-it@*":
  version "3.0.1"
  resolved "https://registry.nlark.com/@types/linkify-it/download/@types/linkify-it-3.0.1.tgz?cache=0&sync_timestamp=1621241690450&other_urls=https%3A%2F%2Fregistry.nlark.com%2F%40types%2Flinkify-it%2Fdownload%2F%40types%2Flinkify-it-3.0.1.tgz#4d26a9efe3aa2caf829234ec5a39580fc88b6001"
  integrity sha1-TSap7+OqLK+CkjTsWjlYD8iLYAE=

"@types/markdown-it-anchor@^7.0.0":
  version "7.0.0"
  resolved "https://registry.nlark.com/@types/markdown-it-anchor/download/@types/markdown-it-anchor-7.0.0.tgz#4de1bea40ebf7643990ef35c51908e037bfa48a8"
  integrity sha1-TeG+pA6/dkOZDvNcUZCOA3v6SKg=
  dependencies:
    markdown-it-anchor "*"

"@types/markdown-it@^12.0.1":
  version "12.0.2"
  resolved "https://registry.nlark.com/@types/markdown-it/download/@types/markdown-it-12.0.2.tgz#153e5477970ed2a47b2f619ed4ab66f870de8a04"
  integrity sha1-FT5Ud5cO0qR7L2Ge1Ktm+HDeigQ=
  dependencies:
    "@types/highlight.js" "^9.7.0"
    "@types/linkify-it" "*"
    "@types/mdurl" "*"

"@types/mdurl@*":
  version "1.0.2"
  resolved "https://registry.nlark.com/@types/mdurl/download/@types/mdurl-1.0.2.tgz#e2ce9d83a613bacf284c7be7d491945e39e1f8e9"
  integrity sha1-4s6dg6YTus8oTHvn1JGUXjnh+Ok=

"@types/mime@^1":
  version "1.3.2"
  resolved "https://registry.nlark.com/@types/mime/download/@types/mime-1.3.2.tgz?cache=0&sync_timestamp=1621241862733&other_urls=https%3A%2F%2Fregistry.nlark.com%2F%40types%2Fmime%2Fdownload%2F%40types%2Fmime-1.3.2.tgz#93e25bf9ee75fe0fd80b594bc4feb0e862111b5a"
  integrity sha1-k+Jb+e51/g/YC1lLxP6w6GIRG1o=

"@types/node@*":
  version "15.12.2"
  resolved "https://registry.nlark.com/@types/node/download/@types/node-15.12.2.tgz#1f2b42c4be7156ff4a6f914b2fb03d05fa84e38d"
  integrity sha1-HytCxL5xVv9Kb5FLL7A9BfqE440=

"@types/qs@*":
  version "6.9.6"
  resolved "https://registry.nlark.com/@types/qs/download/@types/qs-6.9.6.tgz?cache=0&sync_timestamp=1621242292262&other_urls=https%3A%2F%2Fregistry.nlark.com%2F%40types%2Fqs%2Fdownload%2F%40types%2Fqs-6.9.6.tgz#df9c3c8b31a247ec315e6996566be3171df4b3b1"
  integrity sha1-35w8izGiR+wxXmmWVmvjFx30s7E=

"@types/range-parser@*":
  version "1.2.3"
  resolved "https://registry.nlark.com/@types/range-parser/download/@types/range-parser-1.2.3.tgz?cache=0&sync_timestamp=1621242291785&other_urls=https%3A%2F%2Fregistry.nlark.com%2F%40types%2Frange-parser%2Fdownload%2F%40types%2Frange-parser-1.2.3.tgz#7ee330ba7caafb98090bece86a5ee44115904c2c"
  integrity sha1-fuMwunyq+5gJC+zoal7kQRWQTCw=

"@types/serve-static@*":
  version "1.13.9"
  resolved "https://registry.nlark.com/@types/serve-static/download/@types/serve-static-1.13.9.tgz?cache=0&sync_timestamp=1621242704905&other_urls=https%3A%2F%2Fregistry.nlark.com%2F%40types%2Fserve-static%2Fdownload%2F%40types%2Fserve-static-1.13.9.tgz#aacf28a85a05ee29a11fb7c3ead935ac56f33e4e"
  integrity sha1-qs8oqFoF7imhH7fD6tk1rFbzPk4=
  dependencies:
    "@types/mime" "^1"
    "@types/node" "*"

"@types/source-list-map@*":
  version "0.1.2"
  resolved "https://registry.nlark.com/@types/source-list-map/download/@types/source-list-map-0.1.2.tgz#0078836063ffaf17412349bba364087e0ac02ec9"
  integrity sha1-AHiDYGP/rxdBI0m7o2QIfgrALsk=

"@types/tapable@^1":
  version "1.0.7"
  resolved "https://registry.nlark.com/@types/tapable/download/@types/tapable-1.0.7.tgz#545158342f949e8fd3bfd813224971ecddc3fac4"
  integrity sha1-VFFYNC+Uno/Tv9gTIklx7N3D+sQ=

"@types/uglify-js@*":
  version "3.13.0"
  resolved "https://registry.nlark.com/@types/uglify-js/download/@types/uglify-js-3.13.0.tgz#1cad8df1fb0b143c5aba08de5712ea9d1ff71124"
  integrity sha1-HK2N8fsLFDxaugjeVxLqnR/3ESQ=
  dependencies:
    source-map "^0.6.1"

"@types/webpack-dev-server@^3.11.4":
  version "3.11.4"
  resolved "https://registry.nlark.com/@types/webpack-dev-server/download/@types/webpack-dev-server-3.11.4.tgz#90d47dd660b696d409431ab8c1e9fa3615103a07"
  integrity sha1-kNR91mC2ltQJQxq4wen6NhUQOgc=
  dependencies:
    "@types/connect-history-api-fallback" "*"
    "@types/express" "*"
    "@types/serve-static" "*"
    "@types/webpack" "^4"
    http-proxy-middleware "^1.0.0"

"@types/webpack-sources@*":
  version "2.1.0"
  resolved "https://registry.nlark.com/@types/webpack-sources/download/@types/webpack-sources-2.1.0.tgz#8882b0bd62d1e0ce62f183d0d01b72e6e82e8c10"
  integrity sha1-iIKwvWLR4M5i8YPQ0Bty5ugujBA=
  dependencies:
    "@types/node" "*"
    "@types/source-list-map" "*"
    source-map "^0.7.3"

"@types/webpack@^4":
  version "4.41.29"
  resolved "https://registry.nlark.com/@types/webpack/download/@types/webpack-4.41.29.tgz?cache=0&sync_timestamp=1621533733988&other_urls=https%3A%2F%2Fregistry.nlark.com%2F%40types%2Fwebpack%2Fdownload%2F%40types%2Fwebpack-4.41.29.tgz#2e66c1de8223c440366469415c50a47d97625773"
  integrity sha1-LmbB3oIjxEA2ZGlBXFCkfZdiV3M=
  dependencies:
    "@types/node" "*"
    "@types/tapable" "^1"
    "@types/uglify-js" "*"
    "@types/webpack-sources" "*"
    anymatch "^3.0.0"
    source-map "^0.6.0"

"@vue/component-compiler-utils@^3.1.0":
  version "3.2.0"
  resolved "https://registry.npm.taobao.org/@vue/component-compiler-utils/download/@vue/component-compiler-utils-3.2.0.tgz#8f85182ceed28e9b3c75313de669f83166d11e5d"
  integrity sha1-j4UYLO7Sjps8dTE95mn4MWbRHl0=
  dependencies:
    consolidate "^0.15.1"
    hash-sum "^1.0.2"
    lru-cache "^4.1.2"
    merge-source-map "^1.1.0"
    postcss "^7.0.14"
    postcss-selector-parser "^6.0.2"
    source-map "~0.6.1"
    vue-template-es2015-compiler "^1.9.0"
  optionalDependencies:
    prettier "^1.18.2"

ansi-styles@^3.2.1:
  version "3.2.1"
  resolved "https://registry.nlark.com/ansi-styles/download/ansi-styles-3.2.1.tgz?cache=0&sync_timestamp=1618995625950&other_urls=https%3A%2F%2Fregistry.nlark.com%2Fansi-styles%2Fdownload%2Fansi-styles-3.2.1.tgz#41fbb20243e50b12be0f04b8dedbf07520ce841d"
  integrity sha1-QfuyAkPlCxK+DwS43tvwdSDOhB0=
  dependencies:
    color-convert "^1.9.0"

anymatch@^3.0.0:
  version "3.1.2"
  resolved "https://registry.npm.taobao.org/anymatch/download/anymatch-3.1.2.tgz?cache=0&sync_timestamp=1617747806715&other_urls=https%3A%2F%2Fregistry.npm.taobao.org%2Fanymatch%2Fdownload%2Fanymatch-3.1.2.tgz#c0557c096af32f106198f4f4e2a383537e378716"
  integrity sha1-wFV8CWrzLxBhmPT04qODU343hxY=
  dependencies:
    normalize-path "^3.0.0"
    picomatch "^2.0.4"

balloon-css@^1.2.0:
  version "1.2.0"
  resolved "https://registry.npm.taobao.org/balloon-css/download/balloon-css-1.2.0.tgz#53d3fb4051264a278a58713bed6865845dbcaf4b"
  integrity sha1-U9P7QFEmSieKWHE77WhlhF28r0s=

big.js@^5.2.2:
  version "5.2.2"
  resolved "https://registry.nlark.com/big.js/download/big.js-5.2.2.tgz#65f0af382f578bcdc742bd9c281e9cb2d7768328"
  integrity sha1-ZfCvOC9Xi83HQr2cKB6cstd2gyg=

bluebird@^3.1.1:
  version "3.7.2"
  resolved "https://registry.npm.taobao.org/bluebird/download/bluebird-3.7.2.tgz#9f229c15be272454ffa973ace0dbee79a1b0c36f"
  integrity sha1-nyKcFb4nJFT/qXOs4NvueaGww28=

braces@^3.0.1:
  version "3.0.2"
  resolved "https://registry.npm.taobao.org/braces/download/braces-3.0.2.tgz#3454e1a462ee8d599e236df336cd9ea4f8afe107"
  integrity sha1-NFThpGLujVmeI23zNs2epPiv4Qc=
  dependencies:
    fill-range "^7.0.1"

cac@^6.7.3:
  version "6.7.3"
  resolved "https://registry.nlark.com/cac/download/cac-6.7.3.tgz#10410b8611677990cc2e3c8b576d471c1d71b768"
  integrity sha1-EEELhhFneZDMLjyLV21HHB1xt2g=

chalk@^2.4.2:
  version "2.4.2"
  resolved "https://registry.nlark.com/chalk/download/chalk-2.4.2.tgz?cache=0&sync_timestamp=1618995297666&other_urls=https%3A%2F%2Fregistry.nlark.com%2Fchalk%2Fdownload%2Fchalk-2.4.2.tgz#cd42541677a54333cf541a49108c1432b44c9424"
  integrity sha1-zUJUFnelQzPPVBpJEIwUMrRMlCQ=
  dependencies:
    ansi-styles "^3.2.1"
    escape-string-regexp "^1.0.5"
    supports-color "^5.3.0"

color-convert@^1.9.0:
  version "1.9.3"
  resolved "https://registry.npm.taobao.org/color-convert/download/color-convert-1.9.3.tgz#bb71850690e1f136567de629d2d5471deda4c1e8"
  integrity sha1-u3GFBpDh8TZWfeYp0tVHHe2kweg=
  dependencies:
    color-name "1.1.3"

color-name@1.1.3:
  version "1.1.3"
  resolved "https://registry.npm.taobao.org/color-name/download/color-name-1.1.3.tgz#a7d0558bd89c42f795dd42328f740831ca53bc25"
  integrity sha1-p9BVi9icQveV3UIyj3QIMcpTvCU=

consolidate@^0.15.1:
  version "0.15.1"
  resolved "https://registry.nlark.com/consolidate/download/consolidate-0.15.1.tgz#21ab043235c71a07d45d9aad98593b0dba56bab7"
  integrity sha1-IasEMjXHGgfUXZqtmFk7DbpWurc=
  dependencies:
    bluebird "^3.1.1"

cssesc@^3.0.0:
  version "3.0.0"
  resolved "https://registry.npm.taobao.org/cssesc/download/cssesc-3.0.0.tgz#37741919903b868565e1c09ea747445cd18983ee"
  integrity sha1-N3QZGZA7hoVl4cCep0dEXNGJg+4=

deepmerge@^1.5.2:
  version "1.5.2"
  resolved "https://registry.npm.taobao.org/deepmerge/download/deepmerge-1.5.2.tgz?cache=0&sync_timestamp=1593463429320&other_urls=https%3A%2F%2Fregistry.npm.taobao.org%2Fdeepmerge%2Fdownload%2Fdeepmerge-1.5.2.tgz#10499d868844cdad4fee0842df8c7f6f0c95a753"
  integrity sha1-EEmdhohEza1P7ghC34x/bwyVp1M=

emojis-list@^3.0.0:
  version "3.0.0"
  resolved "https://registry.nlark.com/emojis-list/download/emojis-list-3.0.0.tgz#5570662046ad29e2e916e71aae260abdff4f6a78"
  integrity sha1-VXBmIEatKeLpFucariYKvf9Pang=

escape-string-regexp@^1.0.5:
  version "1.0.5"
  resolved "https://registry.npm.taobao.org/escape-string-regexp/download/escape-string-regexp-1.0.5.tgz#1b61c0562190a8dff6ae3bb2cf0200ca130b86d4"
  integrity sha1-G2HAViGQqN/2rjuyzwIAyhMLhtQ=

eventemitter3@^4.0.0:
  version "4.0.7"
  resolved "https://registry.npm.taobao.org/eventemitter3/download/eventemitter3-4.0.7.tgz?cache=0&sync_timestamp=1598517790184&other_urls=https%3A%2F%2Fregistry.npm.taobao.org%2Feventemitter3%2Fdownload%2Feventemitter3-4.0.7.tgz#2de9b68f6528d5644ef5c59526a1b4a07306169f"
  integrity sha1-Lem2j2Uo1WRO9cWVJqG0oHMGFp8=

fill-range@^7.0.1:
  version "7.0.1"
  resolved "https://registry.nlark.com/fill-range/download/fill-range-7.0.1.tgz#1919a6a7c75fe38b2c7c77e5198535da9acdda40"
  integrity sha1-GRmmp8df44ssfHflGYU12prN2kA=
  dependencies:
    to-regex-range "^5.0.1"

follow-redirects@^1.0.0:
  version "1.14.1"
  resolved "https://registry.nlark.com/follow-redirects/download/follow-redirects-1.14.1.tgz?cache=0&sync_timestamp=1620555300559&other_urls=https%3A%2F%2Fregistry.nlark.com%2Ffollow-redirects%2Fdownload%2Ffollow-redirects-1.14.1.tgz#d9114ded0a1cfdd334e164e6662ad02bfd91ff43"
  integrity sha1-2RFN7Qoc/dM04WTmZirQK/2R/0M=

has-flag@^3.0.0:
  version "3.0.0"
  resolved "https://registry.npm.taobao.org/has-flag/download/has-flag-3.0.0.tgz#b5d454dc2199ae225699f3467e5a07f3b955bafd"
  integrity sha1-tdRU3CGZriJWmfNGfloH87lVuv0=

hash-sum@^1.0.2:
  version "1.0.2"
  resolved "https://registry.npm.taobao.org/hash-sum/download/hash-sum-1.0.2.tgz#33b40777754c6432573c120cc3808bbd10d47f04"
  integrity sha1-M7QHd3VMZDJXPBIMw4CLvRDUfwQ=

http-proxy-middleware@^1.0.0:
  version "1.3.1"
  resolved "https://registry.nlark.com/http-proxy-middleware/download/http-proxy-middleware-1.3.1.tgz#43700d6d9eecb7419bf086a128d0f7205d9eb665"
  integrity sha1-Q3ANbZ7st0Gb8IahKND3IF2etmU=
  dependencies:
    "@types/http-proxy" "^1.17.5"
    http-proxy "^1.18.1"
    is-glob "^4.0.1"
    is-plain-obj "^3.0.0"
    micromatch "^4.0.2"

http-proxy@^1.18.1:
  version "1.18.1"
  resolved "https://registry.npm.taobao.org/http-proxy/download/http-proxy-1.18.1.tgz?cache=0&sync_timestamp=1593529719673&other_urls=https%3A%2F%2Fregistry.npm.taobao.org%2Fhttp-proxy%2Fdownload%2Fhttp-proxy-1.18.1.tgz#401541f0534884bbf95260334e72f88ee3976549"
  integrity sha1-QBVB8FNIhLv5UmAzTnL4juOXZUk=
  dependencies:
    eventemitter3 "^4.0.0"
    follow-redirects "^1.0.0"
    requires-port "^1.0.0"

is-extglob@^2.1.1:
  version "2.1.1"
  resolved "https://registry.npm.taobao.org/is-extglob/download/is-extglob-2.1.1.tgz#a88c02535791f02ed37c76a1b9ea9773c833f8c2"
  integrity sha1-qIwCU1eR8C7TfHahueqXc8gz+MI=

is-glob@^4.0.1:
  version "4.0.1"
  resolved "https://registry.npm.taobao.org/is-glob/download/is-glob-4.0.1.tgz#7567dbe9f2f5e2467bc77ab83c4a29482407a5dc"
  integrity sha1-dWfb6fL14kZ7x3q4PEopSCQHpdw=
  dependencies:
    is-extglob "^2.1.1"

is-number@^7.0.0:
  version "7.0.0"
  resolved "https://registry.npm.taobao.org/is-number/download/is-number-7.0.0.tgz#7535345b896734d5f80c4d06c50955527a14f12b"
  integrity sha1-dTU0W4lnNNX4DE0GxQlVUnoU8Ss=

is-plain-obj@^3.0.0:
  version "3.0.0"
  resolved "https://registry.npm.taobao.org/is-plain-obj/download/is-plain-obj-3.0.0.tgz?cache=0&sync_timestamp=1618600554597&other_urls=https%3A%2F%2Fregistry.npm.taobao.org%2Fis-plain-obj%2Fdownload%2Fis-plain-obj-3.0.0.tgz#af6f2ea14ac5a646183a5bbdb5baabbc156ad9d7"
  integrity sha1-r28uoUrFpkYYOlu9tbqrvBVq2dc=

javascript-stringify@^2.0.1:
  version "2.1.0"
  resolved "https://registry.npm.taobao.org/javascript-stringify/download/javascript-stringify-2.1.0.tgz#27c76539be14d8bd128219a2d731b09337904e79"
  integrity sha1-J8dlOb4U2L0Sghmi1zGwkzeQTnk=

json5@^1.0.1:
  version "1.0.1"
  resolved "https://registry.npm.taobao.org/json5/download/json5-1.0.1.tgz?cache=0&sync_timestamp=1612146875530&other_urls=https%3A%2F%2Fregistry.npm.taobao.org%2Fjson5%2Fdownload%2Fjson5-1.0.1.tgz#779fb0018604fa854eacbf6252180d83543e3dbe"
  integrity sha1-d5+wAYYE+oVOrL9iUhgNg1Q+Pb4=
  dependencies:
    minimist "^1.2.0"

loader-utils@^1.0.2, loader-utils@^1.1.0:
  version "1.4.0"
  resolved "https://registry.npm.taobao.org/loader-utils/download/loader-utils-1.4.0.tgz#c579b5e34cb34b1a74edc6c1fb36bfa371d5a613"
  integrity sha1-xXm140yzSxp07cbB+za/o3HVphM=
  dependencies:
    big.js "^5.2.2"
    emojis-list "^3.0.0"
    json5 "^1.0.1"

lru-cache@^4.1.2:
  version "4.1.5"
  resolved "https://registry.npm.taobao.org/lru-cache/download/lru-cache-4.1.5.tgz?cache=0&sync_timestamp=1594427567713&other_urls=https%3A%2F%2Fregistry.npm.taobao.org%2Flru-cache%2Fdownload%2Flru-cache-4.1.5.tgz#8bbe50ea85bed59bc9e33dcab8235ee9bcf443cd"
  integrity sha1-i75Q6oW+1ZvJ4z3KuCNe6bz0Q80=
  dependencies:
    pseudomap "^1.0.2"
    yallist "^2.1.2"

markdown-it-anchor@*:
  version "7.1.0"
  resolved "https://registry.npm.taobao.org/markdown-it-anchor/download/markdown-it-anchor-7.1.0.tgz#30fb21497bf59e83ff4d1ddc052d821962e2489e"
  integrity sha1-MPshSXv1noP/TR3cBS2CGWLiSJ4=

merge-source-map@^1.1.0:
  version "1.1.0"
  resolved "https://registry.npm.taobao.org/merge-source-map/download/merge-source-map-1.1.0.tgz#2fdde7e6020939f70906a68f2d7ae685e4c8c646"
  integrity sha1-L93n5gIJOfcJBqaPLXrmheTIxkY=
  dependencies:
    source-map "^0.6.1"

micromatch@^4.0.2:
  version "4.0.4"
  resolved "https://registry.npm.taobao.org/micromatch/download/micromatch-4.0.4.tgz?cache=0&sync_timestamp=1618054740956&other_urls=https%3A%2F%2Fregistry.npm.taobao.org%2Fmicromatch%2Fdownload%2Fmicromatch-4.0.4.tgz#896d519dfe9db25fce94ceb7a500919bf881ebf9"
  integrity sha1-iW1Rnf6dsl/OlM63pQCRm/iB6/k=
  dependencies:
    braces "^3.0.1"
    picomatch "^2.2.3"

minimist@^1.2.0:
  version "1.2.5"
  resolved "https://registry.npm.taobao.org/minimist/download/minimist-1.2.5.tgz?cache=0&other_urls=https%3A%2F%2Fregistry.npm.taobao.org%2Fminimist%2Fdownload%2Fminimist-1.2.5.tgz#67d66014b66a6a8aaa0c083c5fd58df4e4e97602"
  integrity sha1-Z9ZgFLZqaoqqDAg8X9WN9OTpdgI=

normalize-path@^3.0.0:
  version "3.0.0"
  resolved "https://registry.nlark.com/normalize-path/download/normalize-path-3.0.0.tgz#0dcd69ff23a1c9b11fd0978316644a0388216a65"
  integrity sha1-Dc1p/yOhybEf0JeDFmRKA4ghamU=

picomatch@^2.0.4, picomatch@^2.2.3:
  version "2.3.0"
  resolved "https://registry.nlark.com/picomatch/download/picomatch-2.3.0.tgz?cache=0&sync_timestamp=1621648246651&other_urls=https%3A%2F%2Fregistry.nlark.com%2Fpicomatch%2Fdownload%2Fpicomatch-2.3.0.tgz#f1f061de8f6a4bf022892e2d128234fb98302972"
  integrity sha1-8fBh3o9qS/AiiS4tEoI0+5gwKXI=

postcss-selector-parser@^6.0.2:
  version "6.0.6"
  resolved "https://registry.nlark.com/postcss-selector-parser/download/postcss-selector-parser-6.0.6.tgz?cache=0&sync_timestamp=1620753051451&other_urls=https%3A%2F%2Fregistry.nlark.com%2Fpostcss-selector-parser%2Fdownload%2Fpostcss-selector-parser-6.0.6.tgz#2c5bba8174ac2f6981ab631a42ab0ee54af332ea"
  integrity sha1-LFu6gXSsL2mBq2MaQqsO5UrzMuo=
  dependencies:
    cssesc "^3.0.0"
    util-deprecate "^1.0.2"

postcss@^7.0.14:
  version "7.0.35"
  resolved "https://registry.nlark.com/postcss/download/postcss-7.0.35.tgz#d2be00b998f7f211d8a276974079f2e92b970e24"
  integrity sha1-0r4AuZj38hHYonaXQHny6SuXDiQ=
  dependencies:
    chalk "^2.4.2"
    source-map "^0.6.1"
    supports-color "^6.1.0"

prettier@^1.18.2:
  version "1.19.1"
  resolved "https://registry.nlark.com/prettier/download/prettier-1.19.1.tgz?cache=0&sync_timestamp=1622888610164&other_urls=https%3A%2F%2Fregistry.nlark.com%2Fprettier%2Fdownload%2Fprettier-1.19.1.tgz#f7d7f5ff8a9cd872a7be4ca142095956a60797cb"
  integrity sha1-99f1/4qc2HKnvkyhQglZVqYHl8s=

pseudomap@^1.0.2:
  version "1.0.2"
  resolved "https://registry.npm.taobao.org/pseudomap/download/pseudomap-1.0.2.tgz#f052a28da70e618917ef0a8ac34c1ae5a68286b3"
  integrity sha1-8FKijacOYYkX7wqKw0wa5aaChrM=

requires-port@^1.0.0:
  version "1.0.0"
  resolved "https://registry.npm.taobao.org/requires-port/download/requires-port-1.0.0.tgz#925d2601d39ac485e091cf0da5c6e694dc3dcaff"
  integrity sha1-kl0mAdOaxIXgkc8NpcbmlNw9yv8=

source-map@^0.6.0, source-map@^0.6.1, source-map@~0.6.1:
  version "0.6.1"
  resolved "https://registry.npm.taobao.org/source-map/download/source-map-0.6.1.tgz?cache=0&sync_timestamp=1593529658602&other_urls=https%3A%2F%2Fregistry.npm.taobao.org%2Fsource-map%2Fdownload%2Fsource-map-0.6.1.tgz#74722af32e9614e9c287a8d0bbde48b5e2f1a263"
  integrity sha1-dHIq8y6WFOnCh6jQu95IteLxomM=

source-map@^0.7.3:
  version "0.7.3"
  resolved "https://registry.npm.taobao.org/source-map/download/source-map-0.7.3.tgz?cache=0&sync_timestamp=1593529658602&other_urls=https%3A%2F%2Fregistry.npm.taobao.org%2Fsource-map%2Fdownload%2Fsource-map-0.7.3.tgz#5302f8169031735226544092e64981f751750383"
  integrity sha1-UwL4FpAxc1ImVECS5kmB91F1A4M=

supports-color@^5.3.0:
  version "5.5.0"
  resolved "https://registry.nlark.com/supports-color/download/supports-color-5.5.0.tgz?cache=0&other_urls=https%3A%2F%2Fregistry.nlark.com%2Fsupports-color%2Fdownload%2Fsupports-color-5.5.0.tgz#e2e69a44ac8772f78a1ec0b35b689df6530efc8f"
  integrity sha1-4uaaRKyHcveKHsCzW2id9lMO/I8=
  dependencies:
    has-flag "^3.0.0"

supports-color@^6.1.0:
  version "6.1.0"
  resolved "https://registry.nlark.com/supports-color/download/supports-color-6.1.0.tgz?cache=0&other_urls=https%3A%2F%2Fregistry.nlark.com%2Fsupports-color%2Fdownload%2Fsupports-color-6.1.0.tgz#0764abc69c63d5ac842dd4867e8d025e880df8f3"
  integrity sha1-B2Srxpxj1ayELdSGfo0CXogN+PM=
  dependencies:
    has-flag "^3.0.0"

to-regex-range@^5.0.1:
  version "5.0.1"
  resolved "https://registry.nlark.com/to-regex-range/download/to-regex-range-5.0.1.tgz#1648c44aae7c8d988a326018ed72f5b4dd0392e4"
  integrity sha1-FkjESq58jZiKMmAY7XL1tN0DkuQ=
  dependencies:
    is-number "^7.0.0"

tslib@^2.2.0:
  version "2.2.0"
  resolved "https://registry.nlark.com/tslib/download/tslib-2.2.0.tgz#fb2c475977e35e241311ede2693cee1ec6698f5c"
  integrity sha1-+yxHWXfjXiQTEe3iaTzuHsZpj1w=

util-deprecate@^1.0.2:
  version "1.0.2"
  resolved "https://registry.npm.taobao.org/util-deprecate/download/util-deprecate-1.0.2.tgz#450d4dc9fa70de732762fbd2d4a28981419a0ccf"
  integrity sha1-RQ1Nyfpw3nMnYvvS1KKJgUGaDM8=

vue-hot-reload-api@^2.3.0:
  version "2.3.4"
  resolved "https://registry.npm.taobao.org/vue-hot-reload-api/download/vue-hot-reload-api-2.3.4.tgz#532955cc1eb208a3d990b3a9f9a70574657e08f2"
  integrity sha1-UylVzB6yCKPZkLOp+acFdGV+CPI=

vue-loader@^15.9.7:
  version "15.9.7"
  resolved "https://registry.nlark.com/vue-loader/download/vue-loader-15.9.7.tgz#15b05775c3e0c38407679393c2ce6df673b01044"
  integrity sha1-FbBXdcPgw4QHZ5OTws5t9nOwEEQ=
  dependencies:
    "@vue/component-compiler-utils" "^3.1.0"
    hash-sum "^1.0.2"
    loader-utils "^1.1.0"
    vue-hot-reload-api "^2.3.0"
    vue-style-loader "^4.1.0"

vue-style-loader@^4.1.0:
  version "4.1.3"
  resolved "https://registry.npm.taobao.org/vue-style-loader/download/vue-style-loader-4.1.3.tgz?cache=0&sync_timestamp=1614758661292&other_urls=https%3A%2F%2Fregistry.npm.taobao.org%2Fvue-style-loader%2Fdownload%2Fvue-style-loader-4.1.3.tgz#6d55863a51fa757ab24e89d9371465072aa7bc35"
  integrity sha1-bVWGOlH6dXqyTonZNxRlByqnvDU=
  dependencies:
    hash-sum "^1.0.2"
    loader-utils "^1.0.2"

vue-template-es2015-compiler@^1.9.0:
  version "1.9.1"
  resolved "https://registry.npm.taobao.org/vue-template-es2015-compiler/download/vue-template-es2015-compiler-1.9.1.tgz#1ee3bc9a16ecbf5118be334bb15f9c46f82f5825"
  integrity sha1-HuO8mhbsv1EYvjNLsV+cRvgvWCU=

vue@^2.6.12:
  version "2.6.14"
  resolved "https://registry.nlark.com/vue/download/vue-2.6.14.tgz#e51aa5250250d569a3fbad3a8a5a687d6036e235"
  integrity sha1-5RqlJQJQ1Wmj+606ilpofWA24jU=

vuepress-plugin-code-copy@^1.0.6:
  version "1.0.6"
  resolved "https://registry.nlark.com/vuepress-plugin-code-copy/download/vuepress-plugin-code-copy-1.0.6.tgz#6431dab764b48b5b203e4936d98b1943651ce4ad"
  integrity sha1-ZDHat2S0i1sgPkk22YsZQ2Uc5K0=

webpack-chain@^6.5.1:
  version "6.5.1"
  resolved "https://registry.npm.taobao.org/webpack-chain/download/webpack-chain-6.5.1.tgz?cache=0&sync_timestamp=1595813261846&other_urls=https%3A%2F%2Fregistry.npm.taobao.org%2Fwebpack-chain%2Fdownload%2Fwebpack-chain-6.5.1.tgz#4f27284cbbb637e3c8fbdef43eef588d4d861206"
  integrity sha1-TycoTLu2N+PI+970Pu9YjU2GEgY=
  dependencies:
    deepmerge "^1.5.2"
    javascript-stringify "^2.0.1"

yallist@^2.1.2:
  version "2.1.2"
  resolved "https://registry.npm.taobao.org/yallist/download/yallist-2.1.2.tgz#1c11f9218f076089a47dd512f93c6699a6a81d52"
  integrity sha1-HBH5IY8HYImkfdUS+TxmmaaoHVI=
