# THIS IS AN AUTOGENERATED FILE. DO NOT EDIT THIS FILE DIRECTLY.
# yarn lockfile v1


"@commitlint/config-conventional@^12.1.4":
  "resolved" "file:../../node_modules/.pnpm/@commitlint+config-conventional@12.1.4/node_modules/@commitlint/config-conventional"
  "version" "12.1.4"
  dependencies:
    "conventional-changelog-conventionalcommits" "^4.3.1"

"@vue/cli-plugin-babel@~4.5.0":
  "resolved" "file:../../node_modules/.pnpm/@vue+cli-plugin-babel@4.5.19_kxe75quvpzgvsfphwpwlv4so4q/node_modules/@vue/cli-plugin-babel"
  "version" "4.5.19"
  dependencies:
    "@babel/core" "^7.11.0"
    "@vue/babel-preset-app" "^4.5.19"
    "@vue/cli-shared-utils" "^4.5.19"
    "babel-loader" "^8.1.0"
    "cache-loader" "^4.1.0"
    "thread-loader" "^2.1.3"
    "webpack" "^4.0.0"

"@vue/cli-plugin-e2e-cypress@~4.5.0":
  "resolved" "file:../../node_modules/.pnpm/@vue+cli-plugin-e2e-cypress@4.5.19_fepo2kslcuyry2fkxxpiwlhxb4/node_modules/@vue/cli-plugin-e2e-cypress"
  "version" "4.5.19"
  dependencies:
    "@vue/cli-shared-utils" "^4.5.19"
    "cypress" "^3.8.3"
    "eslint-plugin-cypress" "^2.10.3"

"@vue/cli-plugin-eslint@~4.5.0":
  "resolved" "file:../../node_modules/.pnpm/@vue+cli-plugin-eslint@4.5.19_fepo2kslcuyry2fkxxpiwlhxb4/node_modules/@vue/cli-plugin-eslint"
  "version" "4.5.19"
  dependencies:
    "@vue/cli-shared-utils" "^4.5.19"
    "eslint-loader" "^2.2.1"
    "globby" "^9.2.0"
    "inquirer" "^7.1.0"
    "webpack" "^4.0.0"
    "yorkie" "^2.0.0"

"@vue/cli-plugin-router@~4.5.0":
  "resolved" "file:../../node_modules/.pnpm/@vue+cli-plugin-router@4.5.19_@vue+cli-service@4.5.19/node_modules/@vue/cli-plugin-router"
  "version" "4.5.19"
  dependencies:
    "@vue/cli-shared-utils" "^4.5.19"

"@vue/cli-plugin-unit-jest@~4.5.0":
  "resolved" "file:../../node_modules/.pnpm/@vue+cli-plugin-unit-jest@4.5.19_lhbd4qxvmzptiawddmlxtaegpm/node_modules/@vue/cli-plugin-unit-jest"
  "version" "4.5.19"
  dependencies:
    "@babel/core" "^7.11.0"
    "@babel/plugin-transform-modules-commonjs" "^7.9.6"
    "@types/jest" "^24.0.19"
    "@vue/cli-shared-utils" "^4.5.19"
    "babel-core" "^7.0.0-bridge.0"
    "babel-jest" "^24.9.0"
    "babel-plugin-transform-es2015-modules-commonjs" "^6.26.2"
    "deepmerge" "^4.2.2"
    "jest" "^24.9.0"
    "jest-environment-jsdom-fifteen" "^1.0.2"
    "jest-serializer-vue" "^2.0.2"
    "jest-transform-stub" "^2.0.0"
    "jest-watch-typeahead" "^0.4.2"
    "ts-jest" "^24.2.0"
    "vue-jest" "^3.0.5"

"@vue/cli-plugin-vuex@~4.5.0":
  "resolved" "file:../../node_modules/.pnpm/@vue+cli-plugin-vuex@4.5.19_@vue+cli-service@4.5.19/node_modules/@vue/cli-plugin-vuex"
  "version" "4.5.19"

"@vue/cli-service@~4.5.0":
  "resolved" "file:../../node_modules/.pnpm/@vue+cli-service@4.5.19_fjmbt6hosuktqkzr2czoew2fci/node_modules/@vue/cli-service"
  "version" "4.5.19"
  dependencies:
    "@intervolga/optimize-cssnano-plugin" "^1.0.5"
    "@soda/friendly-errors-webpack-plugin" "^1.7.1"
    "@soda/get-current-script" "^1.0.0"
    "@types/minimist" "^1.2.0"
    "@types/webpack" "^4.0.0"
    "@types/webpack-dev-server" "^3.11.0"
    "@vue/cli-overlay" "^4.5.19"
    "@vue/cli-plugin-router" "^4.5.19"
    "@vue/cli-plugin-vuex" "^4.5.19"
    "@vue/cli-shared-utils" "^4.5.19"
    "@vue/component-compiler-utils" "^3.1.2"
    "@vue/preload-webpack-plugin" "^1.1.0"
    "@vue/web-component-wrapper" "^1.2.0"
    "acorn" "^7.4.0"
    "acorn-walk" "^7.1.1"
    "address" "^1.1.2"
    "autoprefixer" "^9.8.6"
    "browserslist" "^4.12.0"
    "cache-loader" "^4.1.0"
    "case-sensitive-paths-webpack-plugin" "^2.3.0"
    "cli-highlight" "^2.1.4"
    "clipboardy" "^2.3.0"
    "cliui" "^6.0.0"
    "copy-webpack-plugin" "^5.1.1"
    "css-loader" "^3.5.3"
    "cssnano" "^4.1.10"
    "debug" "^4.1.1"
    "default-gateway" "^5.0.5"
    "dotenv" "^8.2.0"
    "dotenv-expand" "^5.1.0"
    "file-loader" "^4.2.0"
    "fs-extra" "^7.0.1"
    "globby" "^9.2.0"
    "hash-sum" "^2.0.0"
    "html-webpack-plugin" "^3.2.0"
    "launch-editor-middleware" "^2.2.1"
    "lodash.defaultsdeep" "^4.6.1"
    "lodash.mapvalues" "^4.6.0"
    "lodash.transform" "^4.6.0"
    "mini-css-extract-plugin" "^0.9.0"
    "minimist" "^1.2.5"
    "pnp-webpack-plugin" "^1.6.4"
    "portfinder" "^1.0.26"
    "postcss-loader" "^3.0.0"
    "ssri" "^8.0.1"
    "terser-webpack-plugin" "^1.4.4"
    "thread-loader" "^2.1.3"
    "url-loader" "^2.2.0"
    "vue-loader" "^15.9.2"
    "vue-style-loader" "^4.1.2"
    "webpack" "^4.0.0"
    "webpack-bundle-analyzer" "^3.8.0"
    "webpack-chain" "^6.4.0"
    "webpack-dev-server" "^3.11.0"
    "webpack-merge" "^4.2.2"
  optionalDependencies:
    "vue-loader-v16" "npm:vue-loader@^16.1.0"

"@vue/eslint-config-prettier@^6.0.0":
  "resolved" "file:../../node_modules/.pnpm/@vue+eslint-config-prettier@6.0.0_i2nlulbooxbr4e736xsovvfl3a/node_modules/@vue/eslint-config-prettier"
  "version" "6.0.0"
  dependencies:
    "eslint-config-prettier" "^6.0.0"

"@vue/eslint-config-standard@^5.1.2":
  "resolved" "file:../../node_modules/.pnpm/@vue+eslint-config-standard@5.1.2_bt6tnng7x7e7xvdoc4egpjiiuu/node_modules/@vue/eslint-config-standard"
  "version" "5.1.2"
  dependencies:
    "eslint-config-standard" "^14.1.0"
    "eslint-import-resolver-node" "^0.3.3"
    "eslint-import-resolver-webpack" "^0.12.1"

"@vue/test-utils@^1.0.3":
  "resolved" "file:../../node_modules/.pnpm/@vue+test-utils@1.3.6_rhqkolmkwunxzlyyxxsuwaiuri/node_modules/@vue/test-utils"
  "version" "1.3.6"
  dependencies:
    "dom-event-types" "^1.0.0"
    "lodash" "^4.17.15"
    "pretty" "^2.0.0"

"@vuepress/plugin-medium-zoom@^1.8.2":
  "resolved" "file:../../node_modules/.pnpm/@vuepress+plugin-medium-zoom@1.9.9/node_modules/@vuepress/plugin-medium-zoom"
  "version" "1.9.9"
  dependencies:
    "@vuepress/types" "1.9.9"
    "medium-zoom" "^1.0.4"

"axios@^0.21.1":
  "resolved" "file:../../node_modules/.pnpm/axios@0.21.4/node_modules/axios"
  "version" "0.21.4"
  dependencies:
    "follow-redirects" "^1.14.0"

"babel-eslint@^10.1.0":
  "resolved" "file:../../node_modules/.pnpm/babel-eslint@10.1.0_eslint@6.8.0/node_modules/babel-eslint"
  "version" "10.1.0"
  dependencies:
    "@babel/code-frame" "^7.0.0"
    "@babel/parser" "^7.7.0"
    "@babel/traverse" "^7.7.0"
    "@babel/types" "^7.7.0"
    "eslint-visitor-keys" "^1.0.0"
    "resolve" "^1.12.0"

"babel-plugin-component@^1.1.1":
  "resolved" "file:../../node_modules/.pnpm/babel-plugin-component@1.1.1/node_modules/babel-plugin-component"
  "version" "1.1.1"
  dependencies:
    "@babel/helper-module-imports" "7.0.0-beta.35"

"clone@~2.1.2":
  "resolved" "file:../../node_modules/.pnpm/clone@2.1.2/node_modules/clone"
  "version" "2.1.2"

"commitlint@^12.1.4":
  "resolved" "file:../../node_modules/.pnpm/commitlint@12.1.4/node_modules/commitlint"
  "version" "12.1.4"
  dependencies:
    "@commitlint/cli" "^12.1.4"
    "@commitlint/types" "^12.1.4"

"core-js@^3.6.5":
  "resolved" "file:../../node_modules/.pnpm/core-js@3.31.0/node_modules/core-js"
  "version" "3.31.0"

"cz-customizable@^6.3.0":
  "resolved" "file:../../node_modules/.pnpm/cz-customizable@6.9.2/node_modules/cz-customizable"
  "version" "6.9.2"
  dependencies:
    "editor" "1.0.0"
    "find-config" "^1.0.0"
    "inquirer" "^6.3.1"
    "lodash" "^4.17.19"
    "temp" "^0.9.0"
    "word-wrap" "^1.2.3"

"dayjs@^1.10.5":
  "resolved" "file:../../node_modules/.pnpm/dayjs@1.11.8/node_modules/dayjs"
  "version" "1.11.8"

"element-ui@^2.15.2":
  "resolved" "file:../../node_modules/.pnpm/element-ui@2.15.13_vue@2.7.14/node_modules/element-ui"
  "version" "2.15.13"
  dependencies:
    "async-validator" "~1.8.1"
    "babel-helper-vue-jsx-merge-props" "^2.0.0"
    "deepmerge" "^1.2.0"
    "normalize-wheel" "^1.0.1"
    "resize-observer-polyfill" "^1.5.0"
    "throttle-debounce" "^1.0.1"

"eslint-plugin-import@^2.20.2":
  "resolved" "file:../../node_modules/.pnpm/eslint-plugin-import@2.27.5_eslint@6.8.0/node_modules/eslint-plugin-import"
  "version" "2.27.5"
  dependencies:
    "array-includes" "^3.1.6"
    "array.prototype.flat" "^1.3.1"
    "array.prototype.flatmap" "^1.3.1"
    "debug" "^3.2.7"
    "doctrine" "^2.1.0"
    "eslint-import-resolver-node" "^0.3.7"
    "eslint-module-utils" "^2.7.4"
    "has" "^1.0.3"
    "is-core-module" "^2.11.0"
    "is-glob" "^4.0.3"
    "minimatch" "^3.1.2"
    "object.values" "^1.1.6"
    "resolve" "^1.22.1"
    "semver" "^6.3.0"
    "tsconfig-paths" "^3.14.1"

"eslint-plugin-node@^11.1.0":
  "resolved" "file:../../node_modules/.pnpm/eslint-plugin-node@11.1.0_eslint@6.8.0/node_modules/eslint-plugin-node"
  "version" "11.1.0"
  dependencies:
    "eslint-plugin-es" "^3.0.0"
    "eslint-utils" "^2.0.0"
    "ignore" "^5.1.1"
    "minimatch" "^3.0.4"
    "resolve" "^1.10.1"
    "semver" "^6.1.0"

"eslint-plugin-prettier@^3.4.0":
  "resolved" "file:../../node_modules/.pnpm/eslint-plugin-prettier@3.4.1_n3l4r7xxkdbissdtbny72lqbui/node_modules/eslint-plugin-prettier"
  "version" "3.4.1"
  dependencies:
    "prettier-linter-helpers" "^1.0.0"

"eslint-plugin-promise@^4.2.1":
  "resolved" "file:../../node_modules/.pnpm/eslint-plugin-promise@4.3.1/node_modules/eslint-plugin-promise"
  "version" "4.3.1"

"eslint-plugin-standard@^4.0.0":
  "resolved" "file:../../node_modules/.pnpm/eslint-plugin-standard@4.1.0_eslint@6.8.0/node_modules/eslint-plugin-standard"
  "version" "4.1.0"

"eslint-plugin-vue@^6.2.2":
  "resolved" "file:../../node_modules/.pnpm/eslint-plugin-vue@6.2.2_eslint@6.8.0/node_modules/eslint-plugin-vue"
  "version" "6.2.2"
  dependencies:
    "natural-compare" "^1.4.0"
    "semver" "^5.6.0"
    "vue-eslint-parser" "^7.0.0"

"eslint@^6.7.2":
  "resolved" "file:../../node_modules/.pnpm/eslint@6.8.0/node_modules/eslint"
  "version" "6.8.0"
  dependencies:
    "@babel/code-frame" "^7.0.0"
    "ajv" "^6.10.0"
    "chalk" "^2.1.0"
    "cross-spawn" "^6.0.5"
    "debug" "^4.0.1"
    "doctrine" "^3.0.0"
    "eslint-scope" "^5.0.0"
    "eslint-utils" "^1.4.3"
    "eslint-visitor-keys" "^1.1.0"
    "espree" "^6.1.2"
    "esquery" "^1.0.1"
    "esutils" "^2.0.2"
    "file-entry-cache" "^5.0.1"
    "functional-red-black-tree" "^1.0.1"
    "glob-parent" "^5.0.0"
    "globals" "^12.1.0"
    "ignore" "^4.0.6"
    "import-fresh" "^3.0.0"
    "imurmurhash" "^0.1.4"
    "inquirer" "^7.0.0"
    "is-glob" "^4.0.0"
    "js-yaml" "^3.13.1"
    "json-stable-stringify-without-jsonify" "^1.0.1"
    "levn" "^0.3.0"
    "lodash" "^4.17.14"
    "minimatch" "^3.0.4"
    "mkdirp" "^0.5.1"
    "natural-compare" "^1.4.0"
    "optionator" "^0.8.3"
    "progress" "^2.0.0"
    "regexpp" "^2.0.1"
    "semver" "^6.1.2"
    "strip-ansi" "^5.2.0"
    "strip-json-comments" "^3.0.1"
    "table" "^5.2.3"
    "text-table" "^0.2.0"
    "v8-compile-cache" "^2.0.3"

"husky@^4.3.8":
  "resolved" "file:../../node_modules/.pnpm/husky@4.3.8/node_modules/husky"
  "version" "4.3.8"
  dependencies:
    "chalk" "^4.0.0"
    "ci-info" "^2.0.0"
    "compare-versions" "^3.6.0"
    "cosmiconfig" "^7.0.0"
    "find-versions" "^4.0.0"
    "opencollective-postinstall" "^2.0.2"
    "pkg-dir" "^5.0.0"
    "please-upgrade-node" "^3.2.0"
    "slash" "^3.0.0"
    "which-pm-runs" "^1.0.0"

"j-form-table@^0.0.17":
  "resolved" "file:../../node_modules/.pnpm/j-form-table@0.0.17_i7xdpbbkai6gpoxxa26zaftvpy/node_modules/j-form-table"
  "version" "0.0.17"
  dependencies:
    "clone" "^2.1.2"

"less-loader@^5.0.0":
  "resolved" "file:../../node_modules/.pnpm/less-loader@5.0.0_less@4.1.3/node_modules/less-loader"
  "version" "5.0.0"
  dependencies:
    "clone" "^2.1.1"
    "loader-utils" "^1.1.0"
    "pify" "^4.0.1"

"less@^4.1.1":
  "resolved" "file:../../node_modules/.pnpm/less@4.1.3/node_modules/less"
  "version" "4.1.3"
  dependencies:
    "copy-anything" "^2.0.1"
    "parse-node-version" "^1.0.1"
    "tslib" "^2.3.0"
  optionalDependencies:
    "errno" "^0.1.1"
    "graceful-fs" "^4.1.2"
    "image-size" "~0.5.0"
    "make-dir" "^2.1.0"
    "mime" "^1.4.1"
    "needle" "^3.1.0"
    "source-map" "~0.6.0"

"lint-staged@^11.0.0":
  "resolved" "file:../../node_modules/.pnpm/lint-staged@11.2.6/node_modules/lint-staged"
  "version" "11.2.6"
  dependencies:
    "cli-truncate" "2.1.0"
    "colorette" "^1.4.0"
    "commander" "^8.2.0"
    "cosmiconfig" "^7.0.1"
    "debug" "^4.3.2"
    "enquirer" "^2.3.6"
    "execa" "^5.1.1"
    "listr2" "^3.12.2"
    "micromatch" "^4.0.4"
    "normalize-path" "^3.0.0"
    "please-upgrade-node" "^3.2.0"
    "string-argv" "0.3.1"
    "stringify-object" "3.3.0"
    "supports-color" "8.1.1"

"mongoose@~6.2.11":
  "resolved" "file:../../node_modules/.pnpm/mongoose@6.2.11/node_modules/mongoose"
  "version" "6.2.11"
  dependencies:
    "bson" "^4.2.2"
    "kareem" "2.3.5"
    "mongodb" "4.3.1"
    "mpath" "0.8.4"
    "mquery" "4.0.2"
    "ms" "2.1.3"
    "sift" "16.0.0"

"mssql@~8.1.0":
  "resolved" "file:../../node_modules/.pnpm/mssql@8.1.4/node_modules/mssql"
  "version" "8.1.4"
  dependencies:
    "@tediousjs/connection-string" "^0.3.0"
    "commander" "^9.1.0"
    "debug" "^4.3.3"
    "rfdc" "^1.3.0"
    "tarn" "^3.0.2"
    "tedious" "^14.0.0"

"prettier@2.3.2":
  "resolved" "file:../../node_modules/.pnpm/prettier@2.3.2/node_modules/prettier"
  "version" "2.3.2"

"qs@^6.10.1":
  "resolved" "file:../../node_modules/.pnpm/qs@6.11.2/node_modules/qs"
  "version" "6.11.2"
  dependencies:
    "side-channel" "^1.0.4"

"sass-loader@^8.0.2":
  "resolved" "file:../../node_modules/.pnpm/sass-loader@8.0.2_sass@1.63.4/node_modules/sass-loader"
  "version" "8.0.2"
  dependencies:
    "clone-deep" "^4.0.1"
    "loader-utils" "^1.2.3"
    "neo-async" "^2.6.1"
    "schema-utils" "^2.6.1"
    "semver" "^6.3.0"

"sass@^1.26.5":
  "resolved" "file:../../node_modules/.pnpm/sass@1.63.4/node_modules/sass"
  "version" "1.63.4"
  dependencies:
    "chokidar" ">=3.0.0 <4.0.0"
    "immutable" "^4.0.0"
    "source-map-js" ">=0.6.2 <2.0.0"

"sql-cli@^0.6.2":
  "resolved" "file:../../node_modules/.pnpm/sql-cli@0.6.2/node_modules/sql-cli"
  "version" "0.6.2"
  dependencies:
    "chardet" "^0.1.0"
    "commander" "^2.9.0"
    "easy-table" "^1.0.0"
    "iconv-lite" "^0.4.13"
    "mssql" "^3.3.0"
    "mstring" "^0.1.2"
    "password-prompt" "^1.0.2"
    "q" "^2.0.3"
    "sprintf-js" "^1.0.3"
    "underscore" "^1.8.3"
    "underscore.string" "^3.3.4"
    "ya-csv" "^0.9.4"

"vue-router@^3.5.1":
  "resolved" "file:../../node_modules/.pnpm/vue-router@3.6.5_vue@2.7.14/node_modules/vue-router"
  "version" "3.6.5"

"vue-template-compiler@^2.7.14":
  "resolved" "file:../../node_modules/.pnpm/vue-template-compiler@2.7.14/node_modules/vue-template-compiler"
  "version" "2.7.14"
  dependencies:
    "de-indent" "^1.0.2"
    "he" "^1.2.0"

"vue@^2.7.14":
  "resolved" "file:../../node_modules/.pnpm/vue@2.7.14/node_modules/vue"
  "version" "2.7.14"
  dependencies:
    "@vue/compiler-sfc" "2.7.14"
    "csstype" "^3.1.0"

"vuepress-plugin-mygitalk@^1.0.5":
  "resolved" "file:../../node_modules/.pnpm/vuepress-plugin-mygitalk@1.0.5/node_modules/vuepress-plugin-mygitalk"
  "version" "1.0.5"
  dependencies:
    "gitalk" "^1.5.0"
    "lodash" "^4.17.15"

"vuex@^3.6.2":
  "resolved" "file:../../node_modules/.pnpm/vuex@3.6.2_vue@2.7.14/node_modules/vuex"
  "version" "3.6.2"

"web-components-jack@^1.2.3":
  "resolved" "file:../../node_modules/.pnpm/web-components-jack@1.3.1/node_modules/web-components-jack"
  "version" "1.3.1"
  dependencies:
    "@stencil/core" "^2.12.0"
